
Microsoft Visual Studio Solution File, Format Version 12.00
# Visual Studio 15
VisualStudioVersion = 15.0.28307.852
MinimumVisualStudioVersion = 10.0.40219.1
Project("{FAE04EC0-301F-11D3-BF4B-00C04F79EFBC}") = "VanGoghYang", "VanGoghYang\VanGoghYang.csproj", "{CC0DC20F-7673-4184-A5D0-13FA53D6C88D}"
EndProject
Global
	GlobalSection(SolutionConfigurationPlatforms) = preSolution
		Debug|Any CPU = Debug|Any CPU
		Release|Any CPU = Release|Any CPU
	EndGlobalSection
	GlobalSection(ProjectConfigurationPlatforms) = postSolution
		{CC0DC20F-7673-4184-A5D0-13FA53D6C88D}.Debug|Any CPU.ActiveCfg = Debug|Any CPU
		{CC0DC20F-7673-4184-A5D0-13FA53D6C88D}.Debug|Any CPU.Build.0 = Debug|Any CPU
		{CC0DC20F-7673-4184-A5D0-13FA53D6C88D}.Release|Any CPU.ActiveCfg = Release|Any CPU
		{CC0DC20F-7673-4184-A5D0-13FA53D6C88D}.Release|Any CPU.Build.0 = Release|Any CPU
	EndGlobalSection
	GlobalSection(SolutionProperties) = preSolution
		HideSolutionNode = FALSE
	EndGlobalSection
	GlobalSection(ExtensibilityGlobals) = postSolution
		SolutionGuid = {A60019F1-071D-4CF8-A1DA-7520E995778F}
	EndGlobalSection
EndGlobal
